# THIS IS AN AUTOGENERATED FILE. DO NOT EDIT THIS FILE DIRECTLY.
# yarn lockfile v1


"@wapc/as-msgpack@^0.1.12":
  version "0.1.12"
  resolved "https://registry.yarnpkg.com/@wapc/as-msgpack/-/as-msgpack-0.1.12.tgz#a013443b8f7b76b0fac7b79b9c1f6c3c8fa5a032"
  integrity sha512-W8n18/NSa+HhC/NWZNz6rULBNaG2i0XsjCWxZhiC1EWRYpWqv18rBtTPQD/qOACUL1coLSGGKR1z8Rule15a8Q==

assemblyscript@^0.19.3:
  version "0.19.3"
  resolved "https://registry.yarnpkg.com/assemblyscript/-/assemblyscript-0.19.3.tgz#4600db7a7f46bb0f6bb8a1342791264033605282"
  integrity sha512-IfRqQ7nYDY/UzbGnRrFwKnClR1ITha6nhHGqr/3Jzwof9BdgfqANhpqTmRcKJ5o02WAmghkjQwfJqzDfnDd1VA==
  dependencies:
    binaryen "101.0.0-nightly.20210604"
    long "^4.0.0"

binaryen@101.0.0-nightly.20210604:
  version "101.0.0-nightly.20210604"
  resolved "https://registry.yarnpkg.com/binaryen/-/binaryen-101.0.0-nightly.20210604.tgz#3498a0a0c1108f3386b15ca79f1608425057db9e"
  integrity sha512-aTgX1JDN8m3tTFK8g9hazJcEOdQl7mK4yVfElkKAh7q+TRUCaea4a2SMLr1z2xZL7s9N4lkrvrBblxRuEPvxWQ==

long@^4.0.0:
  version "4.0.0"
  resolved "https://registry.yarnpkg.com/long/-/long-4.0.0.tgz#9a7b71cfb7d361a194ea555241c92f7468d5bf28"
  integrity sha512-XsP+KhQif4bjX1kbuSiySJFNAehNxgLb6hPRGJ9QsUr8ajHkuXGdrHmFUTUUXhDwVX2R5bY4JNZEwbUiMhV+MA==

sndbxr@../SNDBXR/api:
  version "0.0.3"
  dependencies:
    "@wapc/as-msgpack" "^0.1.12"
